// !$*UTF8*$!
{
	archiveVersion = 1;
	classes = {
	};
	objectVersion = 46;
	objects = {

/* Begin PBXBuildFile section */
		8AF40B9053787F53DC19F03D /* Pods_T2.framework in Frameworks */ = {isa = PBXBuildFile; fileRef = 615D6EFB25B93FB73E7D00D3 /* Pods_T2.framework */; };
		E739C9F11E763AB300D013D6 /* AppDelegate.swift in Sources */ = {isa = PBXBuildFile; fileRef = E739C9F01E763AB300D013D6 /* AppDelegate.swift */; };
		E739C9F31E763AB300D013D6 /* ViewController.swift in Sources */ = {isa = PBXBuildFile; fileRef = E739C9F21E763AB300D013D6 /* ViewController.swift */; };
		E739C9F61E763AB300D013D6 /* Main.storyboard in Resources */ = {isa = PBXBuildFile; fileRef = E739C9F41E763AB300D013D6 /* Main.storyboard */; };
		E739C9FB1E763AB300D013D6 /* Assets.xcassets in Resources */ = {isa = PBXBuildFile; fileRef = E739C9FA1E763AB300D013D6 /* Assets.xcassets */; };
		E739C9FE1E763AB300D013D6 /* LaunchScreen.storyboard in Resources */ = {isa = PBXBuildFile; fileRef = E739C9FC1E763AB300D013D6 /* LaunchScreen.storyboard */; };
		E739CA061E767CEA00D013D6 /* Media.xcassets in Resources */ = {isa = PBXBuildFile; fileRef = E739CA051E767CEA00D013D6 /* Media.xcassets */; };
		E739CA0D1E7681B500D013D6 /* NoticeBoardInteractor.swift in Sources */ = {isa = PBXBuildFile; fileRef = E739CA081E7681B500D013D6 /* NoticeBoardInteractor.swift */; };
		E739CA0E1E7681B500D013D6 /* NoticeBoardModule.swift in Sources */ = {isa = PBXBuildFile; fileRef = E739CA091E7681B500D013D6 /* NoticeBoardModule.swift */; };
		E739CA0F1E7681B500D013D6 /* NoticeBoardPresenter.swift in Sources */ = {isa = PBXBuildFile; fileRef = E739CA0A1E7681B500D013D6 /* NoticeBoardPresenter.swift */; };
		E739CA101E7681B500D013D6 /* NoticeBoardRouter.swift in Sources */ = {isa = PBXBuildFile; fileRef = E739CA0B1E7681B500D013D6 /* NoticeBoardRouter.swift */; };
		E739CA111E7681B500D013D6 /* NoticeBoardViewController.swift in Sources */ = {isa = PBXBuildFile; fileRef = E739CA0C1E7681B500D013D6 /* NoticeBoardViewController.swift */; };
		E74015361E7785EE0056A476 /* AdvertisementInteractor.swift in Sources */ = {isa = PBXBuildFile; fileRef = E74015311E7785EE0056A476 /* AdvertisementInteractor.swift */; };
		E74015371E7785EE0056A476 /* AdvertisementModule.swift in Sources */ = {isa = PBXBuildFile; fileRef = E74015321E7785EE0056A476 /* AdvertisementModule.swift */; };
		E74015381E7785EE0056A476 /* AdvertisementPresenter.swift in Sources */ = {isa = PBXBuildFile; fileRef = E74015331E7785EE0056A476 /* AdvertisementPresenter.swift */; };
		E74015391E7785EE0056A476 /* AdvertisementRouter.swift in Sources */ = {isa = PBXBuildFile; fileRef = E74015341E7785EE0056A476 /* AdvertisementRouter.swift */; };
		E740153A1E7785EE0056A476 /* AdvertisementViewController.swift in Sources */ = {isa = PBXBuildFile; fileRef = E74015351E7785EE0056A476 /* AdvertisementViewController.swift */; };
		E740153C1E778EE70056A476 /* AnimatedCollectionViewLayout.swift in Sources */ = {isa = PBXBuildFile; fileRef = E740153B1E778EE70056A476 /* AnimatedCollectionViewLayout.swift */; };
		E76CB4FC1E77CBAD0019E835 /* AdPagerInteractor.swift in Sources */ = {isa = PBXBuildFile; fileRef = E76CB4F71E77CBAD0019E835 /* AdPagerInteractor.swift */; };
		E76CB4FD1E77CBAD0019E835 /* AdPagerModule.swift in Sources */ = {isa = PBXBuildFile; fileRef = E76CB4F81E77CBAD0019E835 /* AdPagerModule.swift */; };
		E76CB4FE1E77CBAD0019E835 /* AdPagerPresenter.swift in Sources */ = {isa = PBXBuildFile; fileRef = E76CB4F91E77CBAD0019E835 /* AdPagerPresenter.swift */; };
		E76CB4FF1E77CBAD0019E835 /* AdPagerRouter.swift in Sources */ = {isa = PBXBuildFile; fileRef = E76CB4FA1E77CBAD0019E835 /* AdPagerRouter.swift */; };
		E76CB5001E77CBAD0019E835 /* AdPagerViewController.swift in Sources */ = {isa = PBXBuildFile; fileRef = E76CB4FB1E77CBAD0019E835 /* AdPagerViewController.swift */; };
		E78177781E792B1500C34FE5 /* OverlordInteractor.swift in Sources */ = {isa = PBXBuildFile; fileRef = E78177731E792B1500C34FE5 /* OverlordInteractor.swift */; };
		E78177791E792B1500C34FE5 /* OverlordModule.swift in Sources */ = {isa = PBXBuildFile; fileRef = E78177741E792B1500C34FE5 /* OverlordModule.swift */; };
		E781777A1E792B1500C34FE5 /* OverlordPresenter.swift in Sources */ = {isa = PBXBuildFile; fileRef = E78177751E792B1500C34FE5 /* OverlordPresenter.swift */; };
		E781777B1E792B1500C34FE5 /* OverlordRouter.swift in Sources */ = {isa = PBXBuildFile; fileRef = E78177761E792B1500C34FE5 /* OverlordRouter.swift */; };
		E781777C1E792B1500C34FE5 /* OverlordViewController.swift in Sources */ = {isa = PBXBuildFile; fileRef = E78177771E792B1500C34FE5 /* OverlordViewController.swift */; };
		E78177801E792B7F00C34FE5 /* State.swift in Sources */ = {isa = PBXBuildFile; fileRef = E781777F1E792B7F00C34FE5 /* State.swift */; };
		E781778E1E792EFC00C34FE5 /* AppReducer.swift in Sources */ = {isa = PBXBuildFile; fileRef = E781778D1E792EFC00C34FE5 /* AppReducer.swift */; };
		E7C20D231E77E58C0040A003 /* SNShare.swift in Sources */ = {isa = PBXBuildFile; fileRef = E7C20D221E77E58C0040A003 /* SNShare.swift */; };
/* End PBXBuildFile section */

/* Begin PBXFileReference section */
		615D6EFB25B93FB73E7D00D3 /* Pods_T2.framework */ = {isa = PBXFileReference; explicitFileType = wrapper.framework; includeInIndex = 0; path = Pods_T2.framework; sourceTree = BUILT_PRODUCTS_DIR; };
		E739C9ED1E763AB300D013D6 /* T2.app */ = {isa = PBXFileReference; explicitFileType = wrapper.application; includeInIndex = 0; path = T2.app; sourceTree = BUILT_PRODUCTS_DIR; };
		E739C9F01E763AB300D013D6 /* AppDelegate.swift */ = {isa = PBXFileReference; lastKnownFileType = sourcecode.swift; path = AppDelegate.swift; sourceTree = "<group>"; };
		E739C9F21E763AB300D013D6 /* ViewController.swift */ = {isa = PBXFileReference; lastKnownFileType = sourcecode.swift; path = ViewController.swift; sourceTree = "<group>"; };
		E739C9F51E763AB300D013D6 /* Base */ = {isa = PBXFileReference; lastKnownFileType = file.storyboard; name = Base; path = Base.lproj/Main.storyboard; sourceTree = "<group>"; };
		E739C9FA1E763AB300D013D6 /* Assets.xcassets */ = {isa = PBXFileReference; lastKnownFileType = folder.assetcatalog; path = Assets.xcassets; sourceTree = "<group>"; };
		E739C9FD1E763AB300D013D6 /* Base */ = {isa = PBXFileReference; lastKnownFileType = file.storyboard; name = Base; path = Base.lproj/LaunchScreen.storyboard; sourceTree = "<group>"; };
		E739C9FF1E763AB300D013D6 /* Info.plist */ = {isa = PBXFileReference; lastKnownFileType = text.plist.xml; path = Info.plist; sourceTree = "<group>"; };
		E739CA051E767CEA00D013D6 /* Media.xcassets */ = {isa = PBXFileReference; lastKnownFileType = folder.assetcatalog; path = Media.xcassets; sourceTree = "<group>"; };
		E739CA081E7681B500D013D6 /* NoticeBoardInteractor.swift */ = {isa = PBXFileReference; fileEncoding = 4; lastKnownFileType = sourcecode.swift; path = NoticeBoardInteractor.swift; sourceTree = "<group>"; };
		E739CA091E7681B500D013D6 /* NoticeBoardModule.swift */ = {isa = PBXFileReference; fileEncoding = 4; lastKnownFileType = sourcecode.swift; path = NoticeBoardModule.swift; sourceTree = "<group>"; };
		E739CA0A1E7681B500D013D6 /* NoticeBoardPresenter.swift */ = {isa = PBXFileReference; fileEncoding = 4; lastKnownFileType = sourcecode.swift; path = NoticeBoardPresenter.swift; sourceTree = "<group>"; };
		E739CA0B1E7681B500D013D6 /* NoticeBoardRouter.swift */ = {isa = PBXFileReference; fileEncoding = 4; lastKnownFileType = sourcecode.swift; path = NoticeBoardRouter.swift; sourceTree = "<group>"; };
		E739CA0C1E7681B500D013D6 /* NoticeBoardViewController.swift */ = {isa = PBXFileReference; fileEncoding = 4; lastKnownFileType = sourcecode.swift; path = NoticeBoardViewController.swift; sourceTree = "<group>"; };
		E74015311E7785EE0056A476 /* AdvertisementInteractor.swift */ = {isa = PBXFileReference; fileEncoding = 4; lastKnownFileType = sourcecode.swift; path = AdvertisementInteractor.swift; sourceTree = "<group>"; };
		E74015321E7785EE0056A476 /* AdvertisementModule.swift */ = {isa = PBXFileReference; fileEncoding = 4; lastKnownFileType = sourcecode.swift; path = AdvertisementModule.swift; sourceTree = "<group>"; };
		E74015331E7785EE0056A476 /* AdvertisementPresenter.swift */ = {isa = PBXFileReference; fileEncoding = 4; lastKnownFileType = sourcecode.swift; path = AdvertisementPresenter.swift; sourceTree = "<group>"; };
		E74015341E7785EE0056A476 /* AdvertisementRouter.swift */ = {isa = PBXFileReference; fileEncoding = 4; lastKnownFileType = sourcecode.swift; path = AdvertisementRouter.swift; sourceTree = "<group>"; };
		E74015351E7785EE0056A476 /* AdvertisementViewController.swift */ = {isa = PBXFileReference; fileEncoding = 4; lastKnownFileType = sourcecode.swift; path = AdvertisementViewController.swift; sourceTree = "<group>"; };
		E740153B1E778EE70056A476 /* AnimatedCollectionViewLayout.swift */ = {isa = PBXFileReference; fileEncoding = 4; lastKnownFileType = sourcecode.swift; path = AnimatedCollectionViewLayout.swift; sourceTree = "<group>"; };
		E76CB4F71E77CBAD0019E835 /* AdPagerInteractor.swift */ = {isa = PBXFileReference; fileEncoding = 4; lastKnownFileType = sourcecode.swift; path = AdPagerInteractor.swift; sourceTree = "<group>"; };
		E76CB4F81E77CBAD0019E835 /* AdPagerModule.swift */ = {isa = PBXFileReference; fileEncoding = 4; lastKnownFileType = sourcecode.swift; path = AdPagerModule.swift; sourceTree = "<group>"; };
		E76CB4F91E77CBAD0019E835 /* AdPagerPresenter.swift */ = {isa = PBXFileReference; fileEncoding = 4; lastKnownFileType = sourcecode.swift; path = AdPagerPresenter.swift; sourceTree = "<group>"; };
		E76CB4FA1E77CBAD0019E835 /* AdPagerRouter.swift */ = {isa = PBXFileReference; fileEncoding = 4; lastKnownFileType = sourcecode.swift; path = AdPagerRouter.swift; sourceTree = "<group>"; };
		E76CB4FB1E77CBAD0019E835 /* AdPagerViewController.swift */ = {isa = PBXFileReference; fileEncoding = 4; lastKnownFileType = sourcecode.swift; path = AdPagerViewController.swift; sourceTree = "<group>"; };
		E78177731E792B1500C34FE5 /* OverlordInteractor.swift */ = {isa = PBXFileReference; fileEncoding = 4; lastKnownFileType = sourcecode.swift; path = OverlordInteractor.swift; sourceTree = "<group>"; };
		E78177741E792B1500C34FE5 /* OverlordModule.swift */ = {isa = PBXFileReference; fileEncoding = 4; lastKnownFileType = sourcecode.swift; path = OverlordModule.swift; sourceTree = "<group>"; };
		E78177751E792B1500C34FE5 /* OverlordPresenter.swift */ = {isa = PBXFileReference; fileEncoding = 4; lastKnownFileType = sourcecode.swift; path = OverlordPresenter.swift; sourceTree = "<group>"; };
		E78177761E792B1500C34FE5 /* OverlordRouter.swift */ = {isa = PBXFileReference; fileEncoding = 4; lastKnownFileType = sourcecode.swift; path = OverlordRouter.swift; sourceTree = "<group>"; };
		E78177771E792B1500C34FE5 /* OverlordViewController.swift */ = {isa = PBXFileReference; fileEncoding = 4; lastKnownFileType = sourcecode.swift; path = OverlordViewController.swift; sourceTree = "<group>"; };
		E781777F1E792B7F00C34FE5 /* State.swift */ = {isa = PBXFileReference; fileEncoding = 4; lastKnownFileType = sourcecode.swift; path = State.swift; sourceTree = "<group>"; };
		E781778D1E792EFC00C34FE5 /* AppReducer.swift */ = {isa = PBXFileReference; fileEncoding = 4; lastKnownFileType = sourcecode.swift; path = AppReducer.swift; sourceTree = "<group>"; };
		E7C20D221E77E58C0040A003 /* SNShare.swift */ = {isa = PBXFileReference; fileEncoding = 4; lastKnownFileType = sourcecode.swift; path = SNShare.swift; sourceTree = "<group>"; };
		EB6FD3195549A17A64B5B92D /* Pods-T2.debug.xcconfig */ = {isa = PBXFileReference; includeInIndex = 1; lastKnownFileType = text.xcconfig; name = "Pods-T2.debug.xcconfig"; path = "Pods/Target Support Files/Pods-T2/Pods-T2.debug.xcconfig"; sourceTree = "<group>"; };
		FEC4A2D7C4A91D74AA267787 /* Pods-T2.release.xcconfig */ = {isa = PBXFileReference; includeInIndex = 1; lastKnownFileType = text.xcconfig; name = "Pods-T2.release.xcconfig"; path = "Pods/Target Support Files/Pods-T2/Pods-T2.release.xcconfig"; sourceTree = "<group>"; };
/* End PBXFileReference section */

/* Begin PBXFrameworksBuildPhase section */
		E739C9EA1E763AB300D013D6 /* Frameworks */ = {
			isa = PBXFrameworksBuildPhase;
			buildActionMask = 2147483647;
			files = (
				8AF40B9053787F53DC19F03D /* Pods_T2.framework in Frameworks */,
			);
			runOnlyForDeploymentPostprocessing = 0;
		};
/* End PBXFrameworksBuildPhase section */

/* Begin PBXGroup section */
		DB19C3567FFD74057CB3BBB8 /* Frameworks */ = {
			isa = PBXGroup;
			children = (
				615D6EFB25B93FB73E7D00D3 /* Pods_T2.framework */,
			);
			name = Frameworks;
			sourceTree = "<group>";
		};
		E739C9E41E763AB300D013D6 = {
			isa = PBXGroup;
			children = (
				E739C9EF1E763AB300D013D6 /* T2 */,
				E739C9EE1E763AB300D013D6 /* Products */,
				FD3FCB32B3396BDC12978D14 /* Pods */,
				DB19C3567FFD74057CB3BBB8 /* Frameworks */,
			);
			sourceTree = "<group>";
		};
		E739C9EE1E763AB300D013D6 /* Products */ = {
			isa = PBXGroup;
			children = (
				E739C9ED1E763AB300D013D6 /* T2.app */,
			);
			name = Products;
			sourceTree = "<group>";
		};
		E739C9EF1E763AB300D013D6 /* T2 */ = {
			isa = PBXGroup;
			children = (
				E78177721E792ABB00C34FE5 /* overlord */,
				E76CB4F61E77CB980019E835 /* pager */,
				E74015301E7785BE0056A476 /* Advertisement */,
				E739CA071E76819D00D013D6 /* Board */,
				E739C9F01E763AB300D013D6 /* AppDelegate.swift */,
				E739C9F21E763AB300D013D6 /* ViewController.swift */,
				E739C9F41E763AB300D013D6 /* Main.storyboard */,
				E739C9FA1E763AB300D013D6 /* Assets.xcassets */,
				E739C9FC1E763AB300D013D6 /* LaunchScreen.storyboard */,
				E739C9FF1E763AB300D013D6 /* Info.plist */,
				E739CA051E767CEA00D013D6 /* Media.xcassets */,
				E7C20D221E77E58C0040A003 /* SNShare.swift */,
			);
			path = T2;
			sourceTree = "<group>";
		};
		E739CA071E76819D00D013D6 /* Board */ = {
			isa = PBXGroup;
			children = (
				E739CA081E7681B500D013D6 /* NoticeBoardInteractor.swift */,
				E739CA091E7681B500D013D6 /* NoticeBoardModule.swift */,
				E739CA0A1E7681B500D013D6 /* NoticeBoardPresenter.swift */,
				E739CA0B1E7681B500D013D6 /* NoticeBoardRouter.swift */,
				E739CA0C1E7681B500D013D6 /* NoticeBoardViewController.swift */,
			);
			name = Board;
			sourceTree = "<group>";
		};
		E74015301E7785BE0056A476 /* Advertisement */ = {
			isa = PBXGroup;
			children = (
				E74015311E7785EE0056A476 /* AdvertisementInteractor.swift */,
				E74015321E7785EE0056A476 /* AdvertisementModule.swift */,
				E74015331E7785EE0056A476 /* AdvertisementPresenter.swift */,
				E74015341E7785EE0056A476 /* AdvertisementRouter.swift */,
				E74015351E7785EE0056A476 /* AdvertisementViewController.swift */,
				E740153B1E778EE70056A476 /* AnimatedCollectionViewLayout.swift */,
			);
			name = Advertisement;
			sourceTree = "<group>";
		};
		E76CB4F61E77CB980019E835 /* pager */ = {
			isa = PBXGroup;
			children = (
				E76CB4F71E77CBAD0019E835 /* AdPagerInteractor.swift */,
				E76CB4F81E77CBAD0019E835 /* AdPagerModule.swift */,
				E76CB4F91E77CBAD0019E835 /* AdPagerPresenter.swift */,
				E76CB4FA1E77CBAD0019E835 /* AdPagerRouter.swift */,
				E76CB4FB1E77CBAD0019E835 /* AdPagerViewController.swift */,
			);
			name = pager;
			sourceTree = "<group>";
		};
		E78177721E792ABB00C34FE5 /* overlord */ = {
			isa = PBXGroup;
			children = (
				E781778C1E792EB200C34FE5 /* reducer */,
				E781777E1E792B5200C34FE5 /* state */,
				E78177731E792B1500C34FE5 /* OverlordInteractor.swift */,
				E78177741E792B1500C34FE5 /* OverlordModule.swift */,
				E78177751E792B1500C34FE5 /* OverlordPresenter.swift */,
				E78177761E792B1500C34FE5 /* OverlordRouter.swift */,
				E78177771E792B1500C34FE5 /* OverlordViewController.swift */,
			);
			name = overlord;
			sourceTree = "<group>";
		};
		E781777E1E792B5200C34FE5 /* state */ = {
			isa = PBXGroup;
			children = (
				E781777F1E792B7F00C34FE5 /* State.swift */,
			);
			name = state;
			sourceTree = "<group>";
		};
		E781778C1E792EB200C34FE5 /* reducer */ = {
			isa = PBXGroup;
			children = (
				E781778D1E792EFC00C34FE5 /* AppReducer.swift */,
			);
			name = reducer;
			sourceTree = "<group>";
		};
		FD3FCB32B3396BDC12978D14 /* Pods */ = {
			isa = PBXGroup;
			children = (
				EB6FD3195549A17A64B5B92D /* Pods-T2.debug.xcconfig */,
				FEC4A2D7C4A91D74AA267787 /* Pods-T2.release.xcconfig */,
			);
			name = Pods;
			sourceTree = "<group>";
		};
/* End PBXGroup section */

/* Begin PBXNativeTarget section */
		E739C9EC1E763AB300D013D6 /* T2 */ = {
			isa = PBXNativeTarget;
			buildConfigurationList = E739CA021E763AB300D013D6 /* Build configuration list for PBXNativeTarget "T2" */;
			buildPhases = (
				638D6C910C1FAA83E414E933 /* [CP] Check Pods Manifest.lock */,
				E739C9E91E763AB300D013D6 /* Sources */,
				E739C9EA1E763AB300D013D6 /* Frameworks */,
				E739C9EB1E763AB300D013D6 /* Resources */,
				9E21232DCD9869E56581BF61 /* [CP] Embed Pods Frameworks */,
				3026063E8B3B31358AF9AA57 /* [CP] Copy Pods Resources */,
			);
			buildRules = (
			);
			dependencies = (
			);
			name = T2;
			productName = T2;
			productReference = E739C9ED1E763AB300D013D6 /* T2.app */;
			productType = "com.apple.product-type.application";
		};
/* End PBXNativeTarget section */

/* Begin PBXProject section */
		E739C9E51E763AB300D013D6 /* Project object */ = {
			isa = PBXProject;
			attributes = {
				LastSwiftUpdateCheck = 0820;
				LastUpgradeCheck = 0820;
				ORGANIZATIONNAME = test;
				TargetAttributes = {
					E739C9EC1E763AB300D013D6 = {
						CreatedOnToolsVersion = 8.2.1;
						DevelopmentTeam = M43ZXET4L5;
						ProvisioningStyle = Automatic;
					};
				};
			};
			buildConfigurationList = E739C9E81E763AB300D013D6 /* Build configuration list for PBXProject "T2" */;
			compatibilityVersion = "Xcode 3.2";
			developmentRegion = English;
			hasScannedForEncodings = 0;
			knownRegions = (
				en,
				Base,
			);
			mainGroup = E739C9E41E763AB300D013D6;
			productRefGroup = E739C9EE1E763AB300D013D6 /* Products */;
			projectDirPath = "";
			projectRoot = "";
			targets = (
				E739C9EC1E763AB300D013D6 /* T2 */,
			);
		};
/* End PBXProject section */

/* Begin PBXResourcesBuildPhase section */
		E739C9EB1E763AB300D013D6 /* Resources */ = {
			isa = PBXResourcesBuildPhase;
			buildActionMask = 2147483647;
			files = (
				E739C9FE1E763AB300D013D6 /* LaunchScreen.storyboard in Resources */,
				E739C9FB1E763AB300D013D6 /* Assets.xcassets in Resources */,
				E739CA061E767CEA00D013D6 /* Media.xcassets in Resources */,
				E739C9F61E763AB300D013D6 /* Main.storyboard in Resources */,
			);
			runOnlyForDeploymentPostprocessing = 0;
		};
/* End PBXResourcesBuildPhase section */

/* Begin PBXShellScriptBuildPhase section */
		3026063E8B3B31358AF9AA57 /* [CP] Copy Pods Resources */ = {
			isa = PBXShellScriptBuildPhase;
			buildActionMask = 2147483647;
			files = (
			);
			inputPaths = (
			);
			name = "[CP] Copy Pods Resources";
			outputPaths = (
			);
			runOnlyForDeploymentPostprocessing = 0;
			shellPath = /bin/sh;
			shellScript = "\"${SRCROOT}/Pods/Target Support Files/Pods-T2/Pods-T2-resources.sh\"\n";
			showEnvVarsInLog = 0;
		};
		638D6C910C1FAA83E414E933 /* [CP] Check Pods Manifest.lock */ = {
			isa = PBXShellScriptBuildPhase;
			buildActionMask = 2147483647;
			files = (
			);
			inputPaths = (
			);
			name = "[CP] Check Pods Manifest.lock";
			outputPaths = (
			);
			runOnlyForDeploymentPostprocessing = 0;
			shellPath = /bin/sh;
			shellScript = "diff \"${PODS_ROOT}/../Podfile.lock\" \"${PODS_ROOT}/Manifest.lock\" > /dev/null\nif [ $? != 0 ] ; then\n    # print error to STDERR\n    echo \"error: The sandbox is not in sync with the Podfile.lock. Run 'pod install' or update your CocoaPods installation.\" >&2\n    exit 1\nfi\n";
			showEnvVarsInLog = 0;
		};
		9E21232DCD9869E56581BF61 /* [CP] Embed Pods Frameworks */ = {
			isa = PBXShellScriptBuildPhase;
			buildActionMask = 2147483647;
			files = (
			);
			inputPaths = (
			);
			name = "[CP] Embed Pods Frameworks";
			outputPaths = (
			);
			runOnlyForDeploymentPostprocessing = 0;
			shellPath = /bin/sh;
			shellScript = "\"${SRCROOT}/Pods/Target Support Files/Pods-T2/Pods-T2-frameworks.sh\"\n";
			showEnvVarsInLog = 0;
		};
/* End PBXShellScriptBuildPhase section */

/* Begin PBXSourcesBuildPhase section */
		E739C9E91E763AB300D013D6 /* Sources */ = {
			isa = PBXSourcesBuildPhase;
			buildActionMask = 2147483647;
			files = (
				E740153C1E778EE70056A476 /* AnimatedCollectionViewLayout.swift in Sources */,
				E74015381E7785EE0056A476 /* AdvertisementPresenter.swift in Sources */,
				E76CB4FF1E77CBAD0019E835 /* AdPagerRouter.swift in Sources */,
				E739CA101E7681B500D013D6 /* NoticeBoardRouter.swift in Sources */,
				E76CB4FD1E77CBAD0019E835 /* AdPagerModule.swift in Sources */,
				E740153A1E7785EE0056A476 /* AdvertisementViewController.swift in Sources */,
				E739C9F31E763AB300D013D6 /* ViewController.swift in Sources */,
				E739CA111E7681B500D013D6 /* NoticeBoardViewController.swift in Sources */,
				E739C9F11E763AB300D013D6 /* AppDelegate.swift in Sources */,
				E74015391E7785EE0056A476 /* AdvertisementRouter.swift in Sources */,
				E781777B1E792B1500C34FE5 /* OverlordRouter.swift in Sources */,
				E781777C1E792B1500C34FE5 /* OverlordViewController.swift in Sources */,
				E74015371E7785EE0056A476 /* AdvertisementModule.swift in Sources */,
				E76CB4FC1E77CBAD0019E835 /* AdPagerInteractor.swift in Sources */,
				E739CA0F1E7681B500D013D6 /* NoticeBoardPresenter.swift in Sources */,
				E76CB5001E77CBAD0019E835 /* AdPagerViewController.swift in Sources */,
				E739CA0E1E7681B500D013D6 /* NoticeBoardModule.swift in Sources */,
				E78177781E792B1500C34FE5 /* OverlordInteractor.swift in Sources */,
				E76CB4FE1E77CBAD0019E835 /* AdPagerPresenter.swift in Sources */,
				E74015361E7785EE0056A476 /* AdvertisementInteractor.swift in Sources */,
				E781778E1E792EFC00C34FE5 /* AppReducer.swift in Sources */,
				E78177791E792B1500C34FE5 /* OverlordModule.swift in Sources */,
				E781777A1E792B1500C34FE5 /* OverlordPresenter.swift in Sources */,
				E7C20D231E77E58C0040A003 /* SNShare.swift in Sources */,
				E78177801E792B7F00C34FE5 /* State.swift in Sources */,
				E739CA0D1E7681B500D013D6 /* NoticeBoardInteractor.swift in Sources */,
			);
			runOnlyForDeploymentPostprocessing = 0;
		};
/* End PBXSourcesBuildPhase section */

/* Begin PBXVariantGroup section */
		E739C9F41E763AB300D013D6 /* Main.storyboard */ = {
			isa = PBXVariantGroup;
			children = (
				E739C9F51E763AB300D013D6 /* Base */,
			);
			name = Main.storyboard;
			sourceTree = "<group>";
		};
		E739C9FC1E763AB300D013D6 /* LaunchScreen.storyboard */ = {
			isa = PBXVariantGroup;
			children = (
				E739C9FD1E763AB300D013D6 /* Base */,
			);
			name = LaunchScreen.storyboard;
			sourceTree = "<group>";
		};
/* End PBXVariantGroup section */

/* Begin XCBuildConfiguration section */
		E739CA001E763AB300D013D6 /* Debug */ = {
			isa = XCBuildConfiguration;
			buildSettings = {
				ALWAYS_SEARCH_USER_PATHS = NO;
				CLANG_ANALYZER_NONNULL = YES;
				CLANG_CXX_LANGUAGE_STANDARD = "gnu++0x";
				CLANG_CXX_LIBRARY = "libc++";
				CLANG_ENABLE_MODULES = YES;
				CLANG_ENABLE_OBJC_ARC = YES;
				CLANG_WARN_BOOL_CONVERSION = YES;
				CLANG_WARN_CONSTANT_CONVERSION = YES;
				CLANG_WARN_DIRECT_OBJC_ISA_USAGE = YES_ERROR;
				CLANG_WARN_DOCUMENTATION_COMMENTS = YES;
				CLANG_WARN_EMPTY_BODY = YES;
				CLANG_WARN_ENUM_CONVERSION = YES;
				CLANG_WARN_INFINITE_RECURSION = YES;
				CLANG_WARN_INT_CONVERSION = YES;
				CLANG_WARN_OBJC_ROOT_CLASS = YES_ERROR;
				CLANG_WARN_SUSPICIOUS_MOVE = YES;
				CLANG_WARN_UNREACHABLE_CODE = YES;
				CLANG_WARN__DUPLICATE_METHOD_MATCH = YES;
				"CODE_SIGN_IDENTITY[sdk=iphoneos*]" = "iPhone Developer";
				COPY_PHASE_STRIP = NO;
				DEBUG_INFORMATION_FORMAT = dwarf;
				ENABLE_STRICT_OBJC_MSGSEND = YES;
				ENABLE_TESTABILITY = YES;
				GCC_C_LANGUAGE_STANDARD = gnu99;
				GCC_DYNAMIC_NO_PIC = NO;
				GCC_NO_COMMON_BLOCKS = YES;
				GCC_OPTIMIZATION_LEVEL = 0;
				GCC_PREPROCESSOR_DEFINITIONS = (
					"DEBUG=1",
					"$(inherited)",
				);
				GCC_WARN_64_TO_32_BIT_CONVERSION = YES;
				GCC_WARN_ABOUT_RETURN_TYPE = YES_ERROR;
				GCC_WARN_UNDECLARED_SELECTOR = YES;
				GCC_WARN_UNINITIALIZED_AUTOS = YES_AGGRESSIVE;
				GCC_WARN_UNUSED_FUNCTION = YES;
				GCC_WARN_UNUSED_VARIABLE = YES;
				IPHONEOS_DEPLOYMENT_TARGET = 10.2;
				MTL_ENABLE_DEBUG_INFO = YES;
				ONLY_ACTIVE_ARCH = YES;
				SDKROOT = iphoneos;
				SWIFT_ACTIVE_COMPILATION_CONDITIONS = DEBUG;
				SWIFT_OPTIMIZATION_LEVEL = "-Onone";
				TARGETED_DEVICE_FAMILY = "1,2";
			};
			name = Debug;
		};
		E739CA011E763AB300D013D6 /* Release */ = {
			isa = XCBuildConfiguration;
			buildSettings = {
				ALWAYS_SEARCH_USER_PATHS = NO;
				CLANG_ANALYZER_NONNULL = YES;
				CLANG_CXX_LANGUAGE_STANDARD = "gnu++0x";
				CLANG_CXX_LIBRARY = "libc++";
				CLANG_ENABLE_MODULES = YES;
				CLANG_ENABLE_OBJC_ARC = YES;
				CLANG_WARN_BOOL_CONVERSION = YES;
				CLANG_WARN_CONSTANT_CONVERSION = YES;
				CLANG_WARN_DIRECT_OBJC_ISA_USAGE = YES_ERROR;
				CLANG_WARN_DOCUMENTATION_COMMENTS = YES;
				CLANG_WARN_EMPTY_BODY = YES;
				CLANG_WARN_ENUM_CONVERSION = YES;
				CLANG_WARN_INFINITE_RECURSION = YES;
				CLANG_WARN_INT_CONVERSION = YES;
				CLANG_WARN_OBJC_ROOT_CLASS = YES_ERROR;
				CLANG_WARN_SUSPICIOUS_MOVE = YES;
				CLANG_WARN_UNREACHABLE_CODE = YES;
				CLANG_WARN__DUPLICATE_METHOD_MATCH = YES;
				"CODE_SIGN_IDENTITY[sdk=iphoneos*]" = "iPhone Developer";
				COPY_PHASE_STRIP = NO;
				DEBUG_INFORMATION_FORMAT = "dwarf-with-dsym";
				ENABLE_NS_ASSERTIONS = NO;
				ENABLE_STRICT_OBJC_MSGSEND = YES;
				GCC_C_LANGUAGE_STANDARD = gnu99;
				GCC_NO_COMMON_BLOCKS = YES;
				GCC_WARN_64_TO_32_BIT_CONVERSION = YES;
				GCC_WARN_ABOUT_RETURN_TYPE = YES_ERROR;
				GCC_WARN_UNDECLARED_SELECTOR = YES;
				GCC_WARN_UNINITIALIZED_AUTOS = YES_AGGRESSIVE;
				GCC_WARN_UNUSED_FUNCTION = YES;
				GCC_WARN_UNUSED_VARIABLE = YES;
				IPHONEOS_DEPLOYMENT_TARGET = 10.2;
				MTL_ENABLE_DEBUG_INFO = NO;
				SDKROOT = iphoneos;
				SWIFT_OPTIMIZATION_LEVEL = "-Owholemodule";
				TARGETED_DEVICE_FAMILY = "1,2";
				VALIDATE_PRODUCT = YES;
			};
			name = Release;
		};
		E739CA031E763AB300D013D6 /* Debug */ = {
			isa = XCBuildConfiguration;
			baseConfigurationReference = EB6FD3195549A17A64B5B92D /* Pods-T2.debug.xcconfig */;
			buildSettings = {
				ASSETCATALOG_COMPILER_APPICON_NAME = AppIcon;
				DEVELOPMENT_TEAM = M43ZXET4L5;
				INFOPLIST_FILE = T2/Info.plist;
				IPHONEOS_DEPLOYMENT_TARGET = 9.3;
				LD_RUNPATH_SEARCH_PATHS = "$(inherited) @executable_path/Frameworks";
				PRODUCT_BUNDLE_IDENTIFIER = com.test.T3;
				PRODUCT_NAME = "$(TARGET_NAME)";
				SWIFT_VERSION = 3.0;
			};
			name = Debug;
		};
		E739CA041E763AB300D013D6 /* Release */ = {
			isa = XCBuildConfiguration;
			baseConfigurationReference = FEC4A2D7C4A91D74AA267787 /* Pods-T2.release.xcconfig */;
			buildSettings = {
				ASSETCATALOG_COMPILER_APPICON_NAME = AppIcon;
				DEVELOPMENT_TEAM = M43ZXET4L5;
				INFOPLIST_FILE = T2/Info.plist;
				IPHONEOS_DEPLOYMENT_TARGET = 9.3;
				LD_RUNPATH_SEARCH_PATHS = "$(inherited) @executable_path/Frameworks";
				PRODUCT_BUNDLE_IDENTIFIER = com.test.T3;
				PRODUCT_NAME = "$(TARGET_NAME)";
				SWIFT_VERSION = 3.0;
			};
			name = Release;
		};
/* End XCBuildConfiguration section */

/* Begin XCConfigurationList section */
		E739C9E81E763AB300D013D6 /* Build configuration list for PBXProject "T2" */ = {
			isa = XCConfigurationList;
			buildConfigurations = (
				E739CA001E763AB300D013D6 /* Debug */,
				E739CA011E763AB300D013D6 /* Release */,
			);
			defaultConfigurationIsVisible = 0;
			defaultConfigurationName = Release;
		};
		E739CA021E763AB300D013D6 /* Build configuration list for PBXNativeTarget "T2" */ = {
			isa = XCConfigurationList;
			buildConfigurations = (
				E739CA031E763AB300D013D6 /* Debug */,
				E739CA041E763AB300D013D6 /* Release */,
			);
			defaultConfigurationIsVisible = 0;
			defaultConfigurationName = Release;
		};
/* End XCConfigurationList section */
	};
	rootObject = E739C9E51E763AB300D013D6 /* Project object */;
}
